
Microsoft Visual Studio Solution File, Format Version 12.00
# Visual Studio Version 17
VisualStudioVersion = 17.10.35122.118
MinimumVisualStudioVersion = 10.0.40219.1
Project("{9A19103F-16F7-4668-BE54-9A1E7A4F7556}") = "App", "App\App.csproj", "{90C2B12F-CDFA-40FD-B3E9-F5708F0AC531}"
EndProject
Project("{B7DD6F7E-DEF8-4E67-B5B7-07EF123DB6F0}") = "Installer", "Installer\Installer.wixproj", "{EF4842DB-8484-4D44-9110-BC18A95BA0D8}"
EndProject
Project("{9A19103F-16F7-4668-BE54-9A1E7A4F7556}") = "CustomSetupActions", "CustomSetupActions\CustomSetupActions.csproj", "{917A20D3-6CF9-4D82-AAC9-6DD0FE8FED85}"
EndProject
Project("{FAE04EC0-301F-11D3-BF4B-00C04F79EFBC}") = "WixSharpInstaller", "WixSharpInstaller\WixSharpInstaller.csproj", "{B1ED61ED-7479-4322-8D32-F1C606ECE2D3}"
EndProject
Global
	GlobalSection(SolutionConfigurationPlatforms) = preSolution
		All|Any CPU = All|Any CPU
		All|ARM = All|ARM
		All|ARM64 = All|ARM64
		All|x64 = All|x64
		All|x86 = All|x86
		Debug|Any CPU = Debug|Any CPU
		Debug|ARM = Debug|ARM
		Debug|ARM64 = Debug|ARM64
		Debug|x64 = Debug|x64
		Debug|x86 = Debug|x86
		GitPublish|Any CPU = GitPublish|Any CPU
		GitPublish|ARM = GitPublish|ARM
		GitPublish|ARM64 = GitPublish|ARM64
		GitPublish|x64 = GitPublish|x64
		GitPublish|x86 = GitPublish|x86
		GitRelease|Any CPU = GitRelease|Any CPU
		GitRelease|ARM = GitRelease|ARM
		GitRelease|ARM64 = GitRelease|ARM64
		GitRelease|x64 = GitRelease|x64
		GitRelease|x86 = GitRelease|x86
		Release|Any CPU = Release|Any CPU
		Release|ARM = Release|ARM
		Release|ARM64 = Release|ARM64
		Release|x64 = Release|x64
		Release|x86 = Release|x86
	EndGlobalSection
	GlobalSection(ProjectConfigurationPlatforms) = postSolution
		{90C2B12F-CDFA-40FD-B3E9-F5708F0AC531}.All|Any CPU.ActiveCfg = Release|Any CPU
		{90C2B12F-CDFA-40FD-B3E9-F5708F0AC531}.All|Any CPU.Build.0 = Release|Any CPU
		{90C2B12F-CDFA-40FD-B3E9-F5708F0AC531}.All|ARM.ActiveCfg = GitRelease|Any CPU
		{90C2B12F-CDFA-40FD-B3E9-F5708F0AC531}.All|ARM.Build.0 = GitRelease|Any CPU
		{90C2B12F-CDFA-40FD-B3E9-F5708F0AC531}.All|ARM64.ActiveCfg = Release|Any CPU
		{90C2B12F-CDFA-40FD-B3E9-F5708F0AC531}.All|ARM64.Build.0 = Release|Any CPU
		{90C2B12F-CDFA-40FD-B3E9-F5708F0AC531}.All|x64.ActiveCfg = Release|Any CPU
		{90C2B12F-CDFA-40FD-B3E9-F5708F0AC531}.All|x64.Build.0 = Release|Any CPU
		{90C2B12F-CDFA-40FD-B3E9-F5708F0AC531}.All|x86.ActiveCfg = Release|Any CPU
		{90C2B12F-CDFA-40FD-B3E9-F5708F0AC531}.All|x86.Build.0 = Release|Any CPU
		{90C2B12F-CDFA-40FD-B3E9-F5708F0AC531}.Debug|Any CPU.ActiveCfg = Debug|Any CPU
		{90C2B12F-CDFA-40FD-B3E9-F5708F0AC531}.Debug|Any CPU.Build.0 = Debug|Any CPU
		{90C2B12F-CDFA-40FD-B3E9-F5708F0AC531}.Debug|ARM.ActiveCfg = Debug|Any CPU
		{90C2B12F-CDFA-40FD-B3E9-F5708F0AC531}.Debug|ARM.Build.0 = Debug|Any CPU
		{90C2B12F-CDFA-40FD-B3E9-F5708F0AC531}.Debug|ARM64.ActiveCfg = Debug|Any CPU
		{90C2B12F-CDFA-40FD-B3E9-F5708F0AC531}.Debug|ARM64.Build.0 = Debug|Any CPU
		{90C2B12F-CDFA-40FD-B3E9-F5708F0AC531}.Debug|x64.ActiveCfg = Debug|Any CPU
		{90C2B12F-CDFA-40FD-B3E9-F5708F0AC531}.Debug|x64.Build.0 = Debug|Any CPU
		{90C2B12F-CDFA-40FD-B3E9-F5708F0AC531}.Debug|x86.ActiveCfg = Debug|Any CPU
		{90C2B12F-CDFA-40FD-B3E9-F5708F0AC531}.Debug|x86.Build.0 = Debug|Any CPU
		{90C2B12F-CDFA-40FD-B3E9-F5708F0AC531}.GitPublish|Any CPU.ActiveCfg = GitPublish|Any CPU
		{90C2B12F-CDFA-40FD-B3E9-F5708F0AC531}.GitPublish|Any CPU.Build.0 = GitPublish|Any CPU
		{90C2B12F-CDFA-40FD-B3E9-F5708F0AC531}.GitPublish|ARM.ActiveCfg = GitPublish|Any CPU
		{90C2B12F-CDFA-40FD-B3E9-F5708F0AC531}.GitPublish|ARM.Build.0 = GitPublish|Any CPU
		{90C2B12F-CDFA-40FD-B3E9-F5708F0AC531}.GitPublish|ARM64.ActiveCfg = GitPublish|Any CPU
		{90C2B12F-CDFA-40FD-B3E9-F5708F0AC531}.GitPublish|ARM64.Build.0 = GitPublish|Any CPU
		{90C2B12F-CDFA-40FD-B3E9-F5708F0AC531}.GitPublish|x64.ActiveCfg = GitPublish|Any CPU
		{90C2B12F-CDFA-40FD-B3E9-F5708F0AC531}.GitPublish|x64.Build.0 = GitPublish|Any CPU
		{90C2B12F-CDFA-40FD-B3E9-F5708F0AC531}.GitPublish|x86.ActiveCfg = GitPublish|Any CPU
		{90C2B12F-CDFA-40FD-B3E9-F5708F0AC531}.GitPublish|x86.Build.0 = GitPublish|Any CPU
		{90C2B12F-CDFA-40FD-B3E9-F5708F0AC531}.GitRelease|Any CPU.ActiveCfg = GitRelease|Any CPU
		{90C2B12F-CDFA-40FD-B3E9-F5708F0AC531}.GitRelease|Any CPU.Build.0 = GitRelease|Any CPU
		{90C2B12F-CDFA-40FD-B3E9-F5708F0AC531}.GitRelease|ARM.ActiveCfg = GitRelease|Any CPU
		{90C2B12F-CDFA-40FD-B3E9-F5708F0AC531}.GitRelease|ARM.Build.0 = GitRelease|Any CPU
		{90C2B12F-CDFA-40FD-B3E9-F5708F0AC531}.GitRelease|ARM64.ActiveCfg = GitRelease|Any CPU
		{90C2B12F-CDFA-40FD-B3E9-F5708F0AC531}.GitRelease|ARM64.Build.0 = GitRelease|Any CPU
		{90C2B12F-CDFA-40FD-B3E9-F5708F0AC531}.GitRelease|x64.ActiveCfg = GitRelease|Any CPU
		{90C2B12F-CDFA-40FD-B3E9-F5708F0AC531}.GitRelease|x64.Build.0 = GitRelease|Any CPU
		{90C2B12F-CDFA-40FD-B3E9-F5708F0AC531}.GitRelease|x86.ActiveCfg = GitRelease|Any CPU
		{90C2B12F-CDFA-40FD-B3E9-F5708F0AC531}.GitRelease|x86.Build.0 = GitRelease|Any CPU
		{90C2B12F-CDFA-40FD-B3E9-F5708F0AC531}.Release|Any CPU.ActiveCfg = Release|Any CPU
		{90C2B12F-CDFA-40FD-B3E9-F5708F0AC531}.Release|Any CPU.Build.0 = Release|Any CPU
		{90C2B12F-CDFA-40FD-B3E9-F5708F0AC531}.Release|ARM.ActiveCfg = Release|Any CPU
		{90C2B12F-CDFA-40FD-B3E9-F5708F0AC531}.Release|ARM.Build.0 = Release|Any CPU
		{90C2B12F-CDFA-40FD-B3E9-F5708F0AC531}.Release|ARM64.ActiveCfg = Release|Any CPU
		{90C2B12F-CDFA-40FD-B3E9-F5708F0AC531}.Release|ARM64.Build.0 = Release|Any CPU
		{90C2B12F-CDFA-40FD-B3E9-F5708F0AC531}.Release|x64.ActiveCfg = Release|Any CPU
		{90C2B12F-CDFA-40FD-B3E9-F5708F0AC531}.Release|x64.Build.0 = Release|Any CPU
		{90C2B12F-CDFA-40FD-B3E9-F5708F0AC531}.Release|x86.ActiveCfg = Release|Any CPU
		{90C2B12F-CDFA-40FD-B3E9-F5708F0AC531}.Release|x86.Build.0 = Release|Any CPU
		{EF4842DB-8484-4D44-9110-BC18A95BA0D8}.All|Any CPU.ActiveCfg = Debug|x64
		{EF4842DB-8484-4D44-9110-BC18A95BA0D8}.All|Any CPU.Build.0 = Debug|x64
		{EF4842DB-8484-4D44-9110-BC18A95BA0D8}.All|ARM.ActiveCfg = Debug|x64
		{EF4842DB-8484-4D44-9110-BC18A95BA0D8}.All|ARM.Build.0 = Debug|x64
		{EF4842DB-8484-4D44-9110-BC18A95BA0D8}.All|ARM64.ActiveCfg = Debug|ARM64
		{EF4842DB-8484-4D44-9110-BC18A95BA0D8}.All|ARM64.Build.0 = Debug|ARM64
		{EF4842DB-8484-4D44-9110-BC18A95BA0D8}.All|x64.ActiveCfg = Debug|x64
		{EF4842DB-8484-4D44-9110-BC18A95BA0D8}.All|x64.Build.0 = Debug|x64
		{EF4842DB-8484-4D44-9110-BC18A95BA0D8}.All|x86.ActiveCfg = Debug|x86
		{EF4842DB-8484-4D44-9110-BC18A95BA0D8}.All|x86.Build.0 = Debug|x86
		{EF4842DB-8484-4D44-9110-BC18A95BA0D8}.Debug|Any CPU.ActiveCfg = Debug|x64
		{EF4842DB-8484-4D44-9110-BC18A95BA0D8}.Debug|ARM.ActiveCfg = Debug|x64
		{EF4842DB-8484-4D44-9110-BC18A95BA0D8}.Debug|ARM.Build.0 = Debug|x64
		{EF4842DB-8484-4D44-9110-BC18A95BA0D8}.Debug|ARM64.ActiveCfg = Debug|ARM64
		{EF4842DB-8484-4D44-9110-BC18A95BA0D8}.Debug|ARM64.Build.0 = Debug|ARM64
		{EF4842DB-8484-4D44-9110-BC18A95BA0D8}.Debug|x64.ActiveCfg = Debug|x64
		{EF4842DB-8484-4D44-9110-BC18A95BA0D8}.Debug|x64.Build.0 = Debug|x64
		{EF4842DB-8484-4D44-9110-BC18A95BA0D8}.Debug|x86.ActiveCfg = Debug|x86
		{EF4842DB-8484-4D44-9110-BC18A95BA0D8}.Debug|x86.Build.0 = Debug|x86
		{EF4842DB-8484-4D44-9110-BC18A95BA0D8}.GitPublish|Any CPU.ActiveCfg = Release|x64
		{EF4842DB-8484-4D44-9110-BC18A95BA0D8}.GitPublish|ARM.ActiveCfg = Debug|x64
		{EF4842DB-8484-4D44-9110-BC18A95BA0D8}.GitPublish|ARM.Build.0 = Debug|x64
		{EF4842DB-8484-4D44-9110-BC18A95BA0D8}.GitPublish|ARM64.ActiveCfg = Debug|ARM64
		{EF4842DB-8484-4D44-9110-BC18A95BA0D8}.GitPublish|ARM64.Build.0 = Debug|ARM64
		{EF4842DB-8484-4D44-9110-BC18A95BA0D8}.GitPublish|x64.ActiveCfg = Debug|x64
		{EF4842DB-8484-4D44-9110-BC18A95BA0D8}.GitPublish|x64.Build.0 = Debug|x64
		{EF4842DB-8484-4D44-9110-BC18A95BA0D8}.GitPublish|x86.ActiveCfg = Debug|x86
		{EF4842DB-8484-4D44-9110-BC18A95BA0D8}.GitPublish|x86.Build.0 = Debug|x86
		{EF4842DB-8484-4D44-9110-BC18A95BA0D8}.GitRelease|Any CPU.ActiveCfg = Release|x64
		{EF4842DB-8484-4D44-9110-BC18A95BA0D8}.GitRelease|Any CPU.Build.0 = Release|x64
		{EF4842DB-8484-4D44-9110-BC18A95BA0D8}.GitRelease|ARM.ActiveCfg = Release|x64
		{EF4842DB-8484-4D44-9110-BC18A95BA0D8}.GitRelease|ARM.Build.0 = Release|x64
		{EF4842DB-8484-4D44-9110-BC18A95BA0D8}.GitRelease|ARM64.ActiveCfg = Release|ARM64
		{EF4842DB-8484-4D44-9110-BC18A95BA0D8}.GitRelease|ARM64.Build.0 = Release|ARM64
		{EF4842DB-8484-4D44-9110-BC18A95BA0D8}.GitRelease|x64.ActiveCfg = Release|x64
		{EF4842DB-8484-4D44-9110-BC18A95BA0D8}.GitRelease|x64.Build.0 = Release|x64
		{EF4842DB-8484-4D44-9110-BC18A95BA0D8}.GitRelease|x86.ActiveCfg = Release|x86
		{EF4842DB-8484-4D44-9110-BC18A95BA0D8}.GitRelease|x86.Build.0 = Release|x86
		{EF4842DB-8484-4D44-9110-BC18A95BA0D8}.Release|Any CPU.ActiveCfg = Debug|x64
		{EF4842DB-8484-4D44-9110-BC18A95BA0D8}.Release|Any CPU.Build.0 = Debug|x64
		{EF4842DB-8484-4D44-9110-BC18A95BA0D8}.Release|ARM.ActiveCfg = Release|x64
		{EF4842DB-8484-4D44-9110-BC18A95BA0D8}.Release|ARM.Build.0 = Release|x64
		{EF4842DB-8484-4D44-9110-BC18A95BA0D8}.Release|ARM64.ActiveCfg = Release|ARM64
		{EF4842DB-8484-4D44-9110-BC18A95BA0D8}.Release|ARM64.Build.0 = Release|ARM64
		{EF4842DB-8484-4D44-9110-BC18A95BA0D8}.Release|x64.ActiveCfg = Release|x64
		{EF4842DB-8484-4D44-9110-BC18A95BA0D8}.Release|x64.Build.0 = Release|x64
		{EF4842DB-8484-4D44-9110-BC18A95BA0D8}.Release|x86.ActiveCfg = Release|x86
		{EF4842DB-8484-4D44-9110-BC18A95BA0D8}.Release|x86.Build.0 = Release|x86
		{917A20D3-6CF9-4D82-AAC9-6DD0FE8FED85}.All|Any CPU.ActiveCfg = Debug|Any CPU
		{917A20D3-6CF9-4D82-AAC9-6DD0FE8FED85}.All|Any CPU.Build.0 = Debug|Any CPU
		{917A20D3-6CF9-4D82-AAC9-6DD0FE8FED85}.All|ARM.ActiveCfg = Debug|Any CPU
		{917A20D3-6CF9-4D82-AAC9-6DD0FE8FED85}.All|ARM.Build.0 = Debug|Any CPU
		{917A20D3-6CF9-4D82-AAC9-6DD0FE8FED85}.All|ARM64.ActiveCfg = Debug|Any CPU
		{917A20D3-6CF9-4D82-AAC9-6DD0FE8FED85}.All|ARM64.Build.0 = Debug|Any CPU
		{917A20D3-6CF9-4D82-AAC9-6DD0FE8FED85}.All|x64.ActiveCfg = Debug|Any CPU
		{917A20D3-6CF9-4D82-AAC9-6DD0FE8FED85}.All|x64.Build.0 = Debug|Any CPU
		{917A20D3-6CF9-4D82-AAC9-6DD0FE8FED85}.All|x86.ActiveCfg = Debug|Any CPU
		{917A20D3-6CF9-4D82-AAC9-6DD0FE8FED85}.All|x86.Build.0 = Debug|Any CPU
		{917A20D3-6CF9-4D82-AAC9-6DD0FE8FED85}.Debug|Any CPU.ActiveCfg = Debug|Any CPU
		{917A20D3-6CF9-4D82-AAC9-6DD0FE8FED85}.Debug|ARM.ActiveCfg = Debug|Any CPU
		{917A20D3-6CF9-4D82-AAC9-6DD0FE8FED85}.Debug|ARM.Build.0 = Debug|Any CPU
		{917A20D3-6CF9-4D82-AAC9-6DD0FE8FED85}.Debug|ARM64.ActiveCfg = Debug|Any CPU
		{917A20D3-6CF9-4D82-AAC9-6DD0FE8FED85}.Debug|ARM64.Build.0 = Debug|Any CPU
		{917A20D3-6CF9-4D82-AAC9-6DD0FE8FED85}.Debug|x64.ActiveCfg = Debug|Any CPU
		{917A20D3-6CF9-4D82-AAC9-6DD0FE8FED85}.Debug|x64.Build.0 = Debug|Any CPU
		{917A20D3-6CF9-4D82-AAC9-6DD0FE8FED85}.Debug|x86.ActiveCfg = Debug|Any CPU
		{917A20D3-6CF9-4D82-AAC9-6DD0FE8FED85}.Debug|x86.Build.0 = Debug|Any CPU
		{917A20D3-6CF9-4D82-AAC9-6DD0FE8FED85}.GitPublish|Any CPU.ActiveCfg = Release|Any CPU
		{917A20D3-6CF9-4D82-AAC9-6DD0FE8FED85}.GitPublish|ARM.ActiveCfg = Debug|Any CPU
		{917A20D3-6CF9-4D82-AAC9-6DD0FE8FED85}.GitPublish|ARM.Build.0 = Debug|Any CPU
		{917A20D3-6CF9-4D82-AAC9-6DD0FE8FED85}.GitPublish|ARM64.ActiveCfg = Debug|Any CPU
		{917A20D3-6CF9-4D82-AAC9-6DD0FE8FED85}.GitPublish|ARM64.Build.0 = Debug|Any CPU
		{917A20D3-6CF9-4D82-AAC9-6DD0FE8FED85}.GitPublish|x64.ActiveCfg = Debug|Any CPU
		{917A20D3-6CF9-4D82-AAC9-6DD0FE8FED85}.GitPublish|x64.Build.0 = Debug|Any CPU
		{917A20D3-6CF9-4D82-AAC9-6DD0FE8FED85}.GitPublish|x86.ActiveCfg = Debug|Any CPU
		{917A20D3-6CF9-4D82-AAC9-6DD0FE8FED85}.GitPublish|x86.Build.0 = Debug|Any CPU
		{917A20D3-6CF9-4D82-AAC9-6DD0FE8FED85}.GitRelease|Any CPU.ActiveCfg = Release|Any CPU
		{917A20D3-6CF9-4D82-AAC9-6DD0FE8FED85}.GitRelease|Any CPU.Build.0 = Release|Any CPU
		{917A20D3-6CF9-4D82-AAC9-6DD0FE8FED85}.GitRelease|ARM.ActiveCfg = Release|Any CPU
		{917A20D3-6CF9-4D82-AAC9-6DD0FE8FED85}.GitRelease|ARM.Build.0 = Release|Any CPU
		{917A20D3-6CF9-4D82-AAC9-6DD0FE8FED85}.GitRelease|ARM64.ActiveCfg = Release|Any CPU
		{917A20D3-6CF9-4D82-AAC9-6DD0FE8FED85}.GitRelease|ARM64.Build.0 = Release|Any CPU
		{917A20D3-6CF9-4D82-AAC9-6DD0FE8FED85}.GitRelease|x64.ActiveCfg = Release|Any CPU
		{917A20D3-6CF9-4D82-AAC9-6DD0FE8FED85}.GitRelease|x64.Build.0 = Release|Any CPU
		{917A20D3-6CF9-4D82-AAC9-6DD0FE8FED85}.GitRelease|x86.ActiveCfg = Release|Any CPU
		{917A20D3-6CF9-4D82-AAC9-6DD0FE8FED85}.GitRelease|x86.Build.0 = Release|Any CPU
		{917A20D3-6CF9-4D82-AAC9-6DD0FE8FED85}.Release|Any CPU.ActiveCfg = Release|Any CPU
		{917A20D3-6CF9-4D82-AAC9-6DD0FE8FED85}.Release|Any CPU.Build.0 = Release|Any CPU
		{917A20D3-6CF9-4D82-AAC9-6DD0FE8FED85}.Release|ARM.ActiveCfg = Release|Any CPU
		{917A20D3-6CF9-4D82-AAC9-6DD0FE8FED85}.Release|ARM.Build.0 = Release|Any CPU
		{917A20D3-6CF9-4D82-AAC9-6DD0FE8FED85}.Release|ARM64.ActiveCfg = Release|Any CPU
		{917A20D3-6CF9-4D82-AAC9-6DD0FE8FED85}.Release|ARM64.Build.0 = Release|Any CPU
		{917A20D3-6CF9-4D82-AAC9-6DD0FE8FED85}.Release|x64.ActiveCfg = Release|Any CPU
		{917A20D3-6CF9-4D82-AAC9-6DD0FE8FED85}.Release|x64.Build.0 = Release|Any CPU
		{917A20D3-6CF9-4D82-AAC9-6DD0FE8FED85}.Release|x86.ActiveCfg = Release|Any CPU
		{917A20D3-6CF9-4D82-AAC9-6DD0FE8FED85}.Release|x86.Build.0 = Release|Any CPU
		{B1ED61ED-7479-4322-8D32-F1C606ECE2D3}.All|Any CPU.ActiveCfg = Debug|Any CPU
		{B1ED61ED-7479-4322-8D32-F1C606ECE2D3}.All|Any CPU.Build.0 = Debug|Any CPU
		{B1ED61ED-7479-4322-8D32-F1C606ECE2D3}.All|ARM.ActiveCfg = Debug|Any CPU
		{B1ED61ED-7479-4322-8D32-F1C606ECE2D3}.All|ARM.Build.0 = Debug|Any CPU
		{B1ED61ED-7479-4322-8D32-F1C606ECE2D3}.All|ARM64.ActiveCfg = Debug|Any CPU
		{B1ED61ED-7479-4322-8D32-F1C606ECE2D3}.All|ARM64.Build.0 = Debug|Any CPU
		{B1ED61ED-7479-4322-8D32-F1C606ECE2D3}.All|x64.ActiveCfg = Debug|Any CPU
		{B1ED61ED-7479-4322-8D32-F1C606ECE2D3}.All|x64.Build.0 = Debug|Any CPU
		{B1ED61ED-7479-4322-8D32-F1C606ECE2D3}.All|x86.ActiveCfg = Debug|Any CPU
		{B1ED61ED-7479-4322-8D32-F1C606ECE2D3}.All|x86.Build.0 = Debug|Any CPU
		{B1ED61ED-7479-4322-8D32-F1C606ECE2D3}.Debug|Any CPU.ActiveCfg = Debug|Any CPU
		{B1ED61ED-7479-4322-8D32-F1C606ECE2D3}.Debug|Any CPU.Build.0 = Debug|Any CPU
		{B1ED61ED-7479-4322-8D32-F1C606ECE2D3}.Debug|ARM.ActiveCfg = Debug|Any CPU
		{B1ED61ED-7479-4322-8D32-F1C606ECE2D3}.Debug|ARM.Build.0 = Debug|Any CPU
		{B1ED61ED-7479-4322-8D32-F1C606ECE2D3}.Debug|ARM64.ActiveCfg = Debug|Any CPU
		{B1ED61ED-7479-4322-8D32-F1C606ECE2D3}.Debug|ARM64.Build.0 = Debug|Any CPU
		{B1ED61ED-7479-4322-8D32-F1C606ECE2D3}.Debug|x64.ActiveCfg = Debug|Any CPU
		{B1ED61ED-7479-4322-8D32-F1C606ECE2D3}.Debug|x64.Build.0 = Debug|Any CPU
		{B1ED61ED-7479-4322-8D32-F1C606ECE2D3}.Debug|x86.ActiveCfg = Debug|Any CPU
		{B1ED61ED-7479-4322-8D32-F1C606ECE2D3}.Debug|x86.Build.0 = Debug|Any CPU
		{B1ED61ED-7479-4322-8D32-F1C606ECE2D3}.GitPublish|Any CPU.ActiveCfg = Debug|Any CPU
		{B1ED61ED-7479-4322-8D32-F1C606ECE2D3}.GitPublish|Any CPU.Build.0 = Debug|Any CPU
		{B1ED61ED-7479-4322-8D32-F1C606ECE2D3}.GitPublish|ARM.ActiveCfg = Debug|Any CPU
		{B1ED61ED-7479-4322-8D32-F1C606ECE2D3}.GitPublish|ARM.Build.0 = Debug|Any CPU
		{B1ED61ED-7479-4322-8D32-F1C606ECE2D3}.GitPublish|ARM64.ActiveCfg = Debug|Any CPU
		{B1ED61ED-7479-4322-8D32-F1C606ECE2D3}.GitPublish|ARM64.Build.0 = Debug|Any CPU
		{B1ED61ED-7479-4322-8D32-F1C606ECE2D3}.GitPublish|x64.ActiveCfg = Debug|Any CPU
		{B1ED61ED-7479-4322-8D32-F1C606ECE2D3}.GitPublish|x64.Build.0 = Debug|Any CPU
		{B1ED61ED-7479-4322-8D32-F1C606ECE2D3}.GitPublish|x86.ActiveCfg = Debug|Any CPU
		{B1ED61ED-7479-4322-8D32-F1C606ECE2D3}.GitPublish|x86.Build.0 = Debug|Any CPU
		{B1ED61ED-7479-4322-8D32-F1C606ECE2D3}.GitRelease|Any CPU.ActiveCfg = Release|Any CPU
		{B1ED61ED-7479-4322-8D32-F1C606ECE2D3}.GitRelease|Any CPU.Build.0 = Release|Any CPU
		{B1ED61ED-7479-4322-8D32-F1C606ECE2D3}.GitRelease|ARM.ActiveCfg = Release|Any CPU
		{B1ED61ED-7479-4322-8D32-F1C606ECE2D3}.GitRelease|ARM.Build.0 = Release|Any CPU
		{B1ED61ED-7479-4322-8D32-F1C606ECE2D3}.GitRelease|ARM64.ActiveCfg = Release|Any CPU
		{B1ED61ED-7479-4322-8D32-F1C606ECE2D3}.GitRelease|ARM64.Build.0 = Release|Any CPU
		{B1ED61ED-7479-4322-8D32-F1C606ECE2D3}.GitRelease|x64.ActiveCfg = Release|Any CPU
		{B1ED61ED-7479-4322-8D32-F1C606ECE2D3}.GitRelease|x64.Build.0 = Release|Any CPU
		{B1ED61ED-7479-4322-8D32-F1C606ECE2D3}.GitRelease|x86.ActiveCfg = Release|Any CPU
		{B1ED61ED-7479-4322-8D32-F1C606ECE2D3}.GitRelease|x86.Build.0 = Release|Any CPU
		{B1ED61ED-7479-4322-8D32-F1C606ECE2D3}.Release|Any CPU.ActiveCfg = Release|Any CPU
		{B1ED61ED-7479-4322-8D32-F1C606ECE2D3}.Release|Any CPU.Build.0 = Release|Any CPU
		{B1ED61ED-7479-4322-8D32-F1C606ECE2D3}.Release|ARM.ActiveCfg = Release|Any CPU
		{B1ED61ED-7479-4322-8D32-F1C606ECE2D3}.Release|ARM.Build.0 = Release|Any CPU
		{B1ED61ED-7479-4322-8D32-F1C606ECE2D3}.Release|ARM64.ActiveCfg = Release|Any CPU
		{B1ED61ED-7479-4322-8D32-F1C606ECE2D3}.Release|ARM64.Build.0 = Release|Any CPU
		{B1ED61ED-7479-4322-8D32-F1C606ECE2D3}.Release|x64.ActiveCfg = Release|Any CPU
		{B1ED61ED-7479-4322-8D32-F1C606ECE2D3}.Release|x64.Build.0 = Release|Any CPU
		{B1ED61ED-7479-4322-8D32-F1C606ECE2D3}.Release|x86.ActiveCfg = Release|Any CPU
		{B1ED61ED-7479-4322-8D32-F1C606ECE2D3}.Release|x86.Build.0 = Release|Any CPU
	EndGlobalSection
	GlobalSection(SolutionProperties) = preSolution
		HideSolutionNode = FALSE
	EndGlobalSection
	GlobalSection(ExtensibilityGlobals) = postSolution
		SolutionGuid = {560EA46C-124B-4F19-B691-7D93049F84FA}
	EndGlobalSection
EndGlobal
